# This file is autogenerated, do not edit; changes may be undone by the next 'dep ensure'.


[[projects]]
  branch = "master"
  name = "github.com/codeclimate/cc-engine-go"
  packages = ["engine"]
  revision = "55f9c825e2a938d5e9bd53f67d7c40ede0f87114"

[solve-meta]
  analyzer-name = "dep"
  analyzer-version = 1
  inputs-digest = "408d1774c89b91c7a0b132cacfdbd3056f2599e3d598092a3122cf1664b29986"
  solver-name = "gps-cdcl"
  solver-version = 1
